{
  "version": 4,
  "terraform_version": "1.12.2",
  "serial": 3,
  "lineage": "c1574ce7-62cd-6c76-59ee-a6c31453c9c6",
  "outputs": {},
  "resources": [
    {
      "mode": "managed",
      "type": "aws_lambda_layer_version",
      "name": "python_dependencies",
      "provider": "provider[\"registry.terraform.io/hashicorp/aws\"]",
      "instances": [
        {
          "schema_version": 0,
          "attributes": {
            "arn": "arn:aws:lambda:eu-north-1:115083608235:layer:my-python-layer-test:1",
            "code_sha256": "QHPlT8CganLw9UzIpcKo4jjylgOcKr12o4VQ2QV2RyQ=",
            "compatible_architectures": null,
            "compatible_runtimes": [
              "python3.9"
            ],
            "created_date": "2025-06-13T10:26:38.256+0000",
            "description": "",
            "filename": "./layer.zip",
            "id": "arn:aws:lambda:eu-north-1:115083608235:layer:my-python-layer-test:1",
            "layer_arn": "arn:aws:lambda:eu-north-1:115083608235:layer:my-python-layer-test",
            "layer_name": "my-python-layer-test",
            "license_info": "",
            "s3_bucket": null,
            "s3_key": null,
            "s3_object_version": null,
            "signing_job_arn": "",
            "signing_profile_version_arn": "",
            "skip_destroy": false,
            "source_code_hash": "QHPlT8CganLw9UzIpcKo4jjylgOcKr12o4VQ2QV2RyQ=",
            "source_code_size": 40501767,
            "version": "1"
          },
          "sensitive_attributes": [],
          "identity_schema_version": 0,
          "private": "bnVsbA=="
        }
      ]
    }
  ],
  "check_results": null
}
